
Microsoft Visual Studio Solution File, Format Version 12.00
# Visual Studio Version 17
VisualStudioVersion = 17.8.34408.163
MinimumVisualStudioVersion = 10.0.40219.1
Project("{FAE04EC0-301F-11D3-BF4B-00C04F79EFBC}") = "Optional.1", "Optional.1\Optional.1.csproj", "{DF2EFA29-694F-46A8-9B16-018EB703B2B1}"
EndProject
Global
	GlobalSection(SolutionConfigurationPlatforms) = preSolution
		Debug|Any CPU = Debug|Any CPU
		Release|Any CPU = Release|Any CPU
	EndGlobalSection
	GlobalSection(ProjectConfigurationPlatforms) = postSolution
		{DF2EFA29-694F-46A8-9B16-018EB703B2B1}.Debug|Any CPU.ActiveCfg = Debug|Any CPU
		{DF2EFA29-694F-46A8-9B16-018EB703B2B1}.Debug|Any CPU.Build.0 = Debug|Any CPU
		{DF2EFA29-694F-46A8-9B16-018EB703B2B1}.Release|Any CPU.ActiveCfg = Release|Any CPU
		{DF2EFA29-694F-46A8-9B16-018EB703B2B1}.Release|Any CPU.Build.0 = Release|Any CPU
	EndGlobalSection
	GlobalSection(SolutionProperties) = preSolution
		HideSolutionNode = FALSE
	EndGlobalSection
	GlobalSection(ExtensibilityGlobals) = postSolution
		SolutionGuid = {330B20D3-E0DF-45E7-94A0-C6B4BAD51F71}
	EndGlobalSection
EndGlobal
